
Microsoft Visual Studio Solution File, Format Version 12.00
# Visual Studio Version 16
VisualStudioVersion = 16.0.810.1
MinimumVisualStudioVersion = 10.0.40219.1
Project("{FAE04EC0-301F-11D3-BF4B-00C04F79EFBC}") = "ComputerScience", "ComputerScience\ComputerScience.csproj", "{AAE1A03A-1C1C-4605-8614-B7D662E92ABB}"
EndProject
Global
	GlobalSection(SolutionConfigurationPlatforms) = preSolution
		Debug|Any CPU = Debug|Any CPU
		Release|Any CPU = Release|Any CPU
	EndGlobalSection
	GlobalSection(ProjectConfigurationPlatforms) = postSolution
		{AAE1A03A-1C1C-4605-8614-B7D662E92ABB}.Debug|Any CPU.ActiveCfg = Debug|Any CPU
		{AAE1A03A-1C1C-4605-8614-B7D662E92ABB}.Debug|Any CPU.Build.0 = Debug|Any CPU
		{AAE1A03A-1C1C-4605-8614-B7D662E92ABB}.Release|Any CPU.ActiveCfg = Release|Any CPU
		{AAE1A03A-1C1C-4605-8614-B7D662E92ABB}.Release|Any CPU.Build.0 = Release|Any CPU
	EndGlobalSection
	GlobalSection(SolutionProperties) = preSolution
		HideSolutionNode = FALSE
	EndGlobalSection
	GlobalSection(ExtensibilityGlobals) = postSolution
		SolutionGuid = {72430D73-00D2-43A7-A348-69B2D7098A3C}
	EndGlobalSection
EndGlobal
